// !$*UTF8*$!
{
	archiveVersion = 1;
	classes = {
	};
	objectVersion = 48;
	objects = {

/* Begin PBXBuildFile section */
		30166CF79D43892131CF837B /* libPods-YWAPINetManagerDemo.a in Frameworks */ = {isa = PBXBuildFile; fileRef = BD51138AB8C78F7BC6E1BC47 /* libPods-YWAPINetManagerDemo.a */; };
		DA079ABD20D24BB30022E723 /* AppDelegate.m in Sources */ = {isa = PBXBuildFile; fileRef = DA079ABC20D24BB30022E723 /* AppDelegate.m */; };
		DA079AC020D24BB30022E723 /* ViewController.m in Sources */ = {isa = PBXBuildFile; fileRef = DA079ABF20D24BB30022E723 /* ViewController.m */; };
		DA079AC320D24BB30022E723 /* Main.storyboard in Resources */ = {isa = PBXBuildFile; fileRef = DA079AC120D24BB30022E723 /* Main.storyboard */; };
		DA079AC520D24BB30022E723 /* Assets.xcassets in Resources */ = {isa = PBXBuildFile; fileRef = DA079AC420D24BB30022E723 /* Assets.xcassets */; };
		DA079AC820D24BB30022E723 /* LaunchScreen.storyboard in Resources */ = {isa = PBXBuildFile; fileRef = DA079AC620D24BB30022E723 /* LaunchScreen.storyboard */; };
		DA079ACB20D24BB30022E723 /* main.m in Sources */ = {isa = PBXBuildFile; fileRef = DA079ACA20D24BB30022E723 /* main.m */; };
		DA079AD520D24BB30022E723 /* YWAPINetManagerDemoTests.m in Sources */ = {isa = PBXBuildFile; fileRef = DA079AD420D24BB30022E723 /* YWAPINetManagerDemoTests.m */; };
		DA079AE020D24BB30022E723 /* YWAPINetManagerDemoUITests.m in Sources */ = {isa = PBXBuildFile; fileRef = DA079ADF20D24BB30022E723 /* YWAPINetManagerDemoUITests.m */; };
		DA079AF020D24E300022E723 /* YWURLResponse.m in Sources */ = {isa = PBXBuildFile; fileRef = DA079AEF20D24E300022E723 /* YWURLResponse.m */; };
		DA079AF420D252810022E723 /* YWAPIProxy.m in Sources */ = {isa = PBXBuildFile; fileRef = DA079AF220D252810022E723 /* YWAPIProxy.m */; };
		DA079AF720D254080022E723 /* YWAPINetManager.m in Sources */ = {isa = PBXBuildFile; fileRef = DA079AF520D254080022E723 /* YWAPINetManager.m */; };
		DA079AFB20D2581B0022E723 /* YWBaseService.m in Sources */ = {isa = PBXBuildFile; fileRef = DA079AF920D2581A0022E723 /* YWBaseService.m */; };
		DA079AFE20D25AB90022E723 /* YWServiceFactory.m in Sources */ = {isa = PBXBuildFile; fileRef = DA079AFC20D25AB80022E723 /* YWServiceFactory.m */; };
		DA079B0220D26E7C0022E723 /* YWTestManager.m in Sources */ = {isa = PBXBuildFile; fileRef = DA079B0120D26E7C0022E723 /* YWTestManager.m */; };
		DA079B0520D273000022E723 /* YWTestViewController.m in Sources */ = {isa = PBXBuildFile; fileRef = DA079B0420D273000022E723 /* YWTestViewController.m */; };
		DA1A3766210EB69700B22B74 /* YWPostBodyViewController.m in Sources */ = {isa = PBXBuildFile; fileRef = DA1A3765210EB69700B22B74 /* YWPostBodyViewController.m */; };
		DAAEC7C820FD916100B1094C /* YWConnectErrManager.m in Sources */ = {isa = PBXBuildFile; fileRef = DAAEC7C720FD916000B1094C /* YWConnectErrManager.m */; };
		DAAEC7CB20FD9D6900B1094C /* YWTestErrConnectViewController.m in Sources */ = {isa = PBXBuildFile; fileRef = DAAEC7CA20FD9D6900B1094C /* YWTestErrConnectViewController.m */; };
/* End PBXBuildFile section */

/* Begin PBXContainerItemProxy section */
		DA079AD120D24BB30022E723 /* PBXContainerItemProxy */ = {
			isa = PBXContainerItemProxy;
			containerPortal = DA079AB020D24BB30022E723 /* Project object */;
			proxyType = 1;
			remoteGlobalIDString = DA079AB720D24BB30022E723;
			remoteInfo = YWAPINetManagerDemo;
		};
		DA079ADC20D24BB30022E723 /* PBXContainerItemProxy */ = {
			isa = PBXContainerItemProxy;
			containerPortal = DA079AB020D24BB30022E723 /* Project object */;
			proxyType = 1;
			remoteGlobalIDString = DA079AB720D24BB30022E723;
			remoteInfo = YWAPINetManagerDemo;
		};
/* End PBXContainerItemProxy section */

/* Begin PBXFileReference section */
		BD51138AB8C78F7BC6E1BC47 /* libPods-YWAPINetManagerDemo.a */ = {isa = PBXFileReference; explicitFileType = archive.ar; includeInIndex = 0; path = "libPods-YWAPINetManagerDemo.a"; sourceTree = BUILT_PRODUCTS_DIR; };
		C0CB961E3A0AFDE313F38078 /* Pods-YWAPINetManagerDemo.debug.xcconfig */ = {isa = PBXFileReference; includeInIndex = 1; lastKnownFileType = text.xcconfig; name = "Pods-YWAPINetManagerDemo.debug.xcconfig"; path = "Pods/Target Support Files/Pods-YWAPINetManagerDemo/Pods-YWAPINetManagerDemo.debug.xcconfig"; sourceTree = "<group>"; };
		DA079AB820D24BB30022E723 /* YWAPINetManagerDemo.app */ = {isa = PBXFileReference; explicitFileType = wrapper.application; includeInIndex = 0; path = YWAPINetManagerDemo.app; sourceTree = BUILT_PRODUCTS_DIR; };
		DA079ABB20D24BB30022E723 /* AppDelegate.h */ = {isa = PBXFileReference; lastKnownFileType = sourcecode.c.h; path = AppDelegate.h; sourceTree = "<group>"; };
		DA079ABC20D24BB30022E723 /* AppDelegate.m */ = {isa = PBXFileReference; lastKnownFileType = sourcecode.c.objc; path = AppDelegate.m; sourceTree = "<group>"; };
		DA079ABE20D24BB30022E723 /* ViewController.h */ = {isa = PBXFileReference; lastKnownFileType = sourcecode.c.h; path = ViewController.h; sourceTree = "<group>"; };
		DA079ABF20D24BB30022E723 /* ViewController.m */ = {isa = PBXFileReference; lastKnownFileType = sourcecode.c.objc; path = ViewController.m; sourceTree = "<group>"; };
		DA079AC220D24BB30022E723 /* Base */ = {isa = PBXFileReference; lastKnownFileType = file.storyboard; name = Base; path = Base.lproj/Main.storyboard; sourceTree = "<group>"; };
		DA079AC420D24BB30022E723 /* Assets.xcassets */ = {isa = PBXFileReference; lastKnownFileType = folder.assetcatalog; path = Assets.xcassets; sourceTree = "<group>"; };
		DA079AC720D24BB30022E723 /* Base */ = {isa = PBXFileReference; lastKnownFileType = file.storyboard; name = Base; path = Base.lproj/LaunchScreen.storyboard; sourceTree = "<group>"; };
		DA079AC920D24BB30022E723 /* Info.plist */ = {isa = PBXFileReference; lastKnownFileType = text.plist.xml; path = Info.plist; sourceTree = "<group>"; };
		DA079ACA20D24BB30022E723 /* main.m */ = {isa = PBXFileReference; lastKnownFileType = sourcecode.c.objc; path = main.m; sourceTree = "<group>"; };
		DA079AD020D24BB30022E723 /* YWAPINetManagerDemoTests.xctest */ = {isa = PBXFileReference; explicitFileType = wrapper.cfbundle; includeInIndex = 0; path = YWAPINetManagerDemoTests.xctest; sourceTree = BUILT_PRODUCTS_DIR; };
		DA079AD420D24BB30022E723 /* YWAPINetManagerDemoTests.m */ = {isa = PBXFileReference; lastKnownFileType = sourcecode.c.objc; path = YWAPINetManagerDemoTests.m; sourceTree = "<group>"; };
		DA079AD620D24BB30022E723 /* Info.plist */ = {isa = PBXFileReference; lastKnownFileType = text.plist.xml; path = Info.plist; sourceTree = "<group>"; };
		DA079ADB20D24BB30022E723 /* YWAPINetManagerDemoUITests.xctest */ = {isa = PBXFileReference; explicitFileType = wrapper.cfbundle; includeInIndex = 0; path = YWAPINetManagerDemoUITests.xctest; sourceTree = BUILT_PRODUCTS_DIR; };
		DA079ADF20D24BB30022E723 /* YWAPINetManagerDemoUITests.m */ = {isa = PBXFileReference; lastKnownFileType = sourcecode.c.objc; path = YWAPINetManagerDemoUITests.m; sourceTree = "<group>"; };
		DA079AE120D24BB30022E723 /* Info.plist */ = {isa = PBXFileReference; lastKnownFileType = text.plist.xml; path = Info.plist; sourceTree = "<group>"; };
		DA079AEE20D24E300022E723 /* YWURLResponse.h */ = {isa = PBXFileReference; lastKnownFileType = sourcecode.c.h; path = YWURLResponse.h; sourceTree = "<group>"; };
		DA079AEF20D24E300022E723 /* YWURLResponse.m */ = {isa = PBXFileReference; lastKnownFileType = sourcecode.c.objc; path = YWURLResponse.m; sourceTree = "<group>"; };
		DA079AF220D252810022E723 /* YWAPIProxy.m */ = {isa = PBXFileReference; fileEncoding = 4; lastKnownFileType = sourcecode.c.objc; path = YWAPIProxy.m; sourceTree = "<group>"; };
		DA079AF320D252810022E723 /* YWAPIProxy.h */ = {isa = PBXFileReference; fileEncoding = 4; lastKnownFileType = sourcecode.c.h; path = YWAPIProxy.h; sourceTree = "<group>"; };
		DA079AF520D254080022E723 /* YWAPINetManager.m */ = {isa = PBXFileReference; fileEncoding = 4; lastKnownFileType = sourcecode.c.objc; path = YWAPINetManager.m; sourceTree = "<group>"; };
		DA079AF620D254080022E723 /* YWAPINetManager.h */ = {isa = PBXFileReference; fileEncoding = 4; lastKnownFileType = sourcecode.c.h; path = YWAPINetManager.h; sourceTree = "<group>"; };
		DA079AF820D2581A0022E723 /* YWServiceProtocol.h */ = {isa = PBXFileReference; fileEncoding = 4; lastKnownFileType = sourcecode.c.h; path = YWServiceProtocol.h; sourceTree = "<group>"; };
		DA079AF920D2581A0022E723 /* YWBaseService.m */ = {isa = PBXFileReference; fileEncoding = 4; lastKnownFileType = sourcecode.c.objc; path = YWBaseService.m; sourceTree = "<group>"; };
		DA079AFA20D2581A0022E723 /* YWBaseService.h */ = {isa = PBXFileReference; fileEncoding = 4; lastKnownFileType = sourcecode.c.h; path = YWBaseService.h; sourceTree = "<group>"; };
		DA079AFC20D25AB80022E723 /* YWServiceFactory.m */ = {isa = PBXFileReference; fileEncoding = 4; lastKnownFileType = sourcecode.c.objc; path = YWServiceFactory.m; sourceTree = "<group>"; };
		DA079AFD20D25AB80022E723 /* YWServiceFactory.h */ = {isa = PBXFileReference; fileEncoding = 4; lastKnownFileType = sourcecode.c.h; path = YWServiceFactory.h; sourceTree = "<group>"; };
		DA079AFF20D25C250022E723 /* YWNetworkingProtocol.h */ = {isa = PBXFileReference; lastKnownFileType = sourcecode.c.h; path = YWNetworkingProtocol.h; sourceTree = "<group>"; };
		DA079B0020D26E7C0022E723 /* YWTestManager.h */ = {isa = PBXFileReference; lastKnownFileType = sourcecode.c.h; path = YWTestManager.h; sourceTree = "<group>"; };
		DA079B0120D26E7C0022E723 /* YWTestManager.m */ = {isa = PBXFileReference; lastKnownFileType = sourcecode.c.objc; path = YWTestManager.m; sourceTree = "<group>"; };
		DA079B0320D273000022E723 /* YWTestViewController.h */ = {isa = PBXFileReference; lastKnownFileType = sourcecode.c.h; path = YWTestViewController.h; sourceTree = "<group>"; };
		DA079B0420D273000022E723 /* YWTestViewController.m */ = {isa = PBXFileReference; lastKnownFileType = sourcecode.c.objc; path = YWTestViewController.m; sourceTree = "<group>"; };
		DA1A3764210EB69700B22B74 /* YWPostBodyViewController.h */ = {isa = PBXFileReference; lastKnownFileType = sourcecode.c.h; path = YWPostBodyViewController.h; sourceTree = "<group>"; };
		DA1A3765210EB69700B22B74 /* YWPostBodyViewController.m */ = {isa = PBXFileReference; lastKnownFileType = sourcecode.c.objc; path = YWPostBodyViewController.m; sourceTree = "<group>"; };
		DAAEC7C620FD916000B1094C /* YWConnectErrManager.h */ = {isa = PBXFileReference; fileEncoding = 4; lastKnownFileType = sourcecode.c.h; path = YWConnectErrManager.h; sourceTree = "<group>"; };
		DAAEC7C720FD916000B1094C /* YWConnectErrManager.m */ = {isa = PBXFileReference; fileEncoding = 4; lastKnownFileType = sourcecode.c.objc; path = YWConnectErrManager.m; sourceTree = "<group>"; };
		DAAEC7C920FD9D6900B1094C /* YWTestErrConnectViewController.h */ = {isa = PBXFileReference; lastKnownFileType = sourcecode.c.h; path = YWTestErrConnectViewController.h; sourceTree = "<group>"; };
		DAAEC7CA20FD9D6900B1094C /* YWTestErrConnectViewController.m */ = {isa = PBXFileReference; lastKnownFileType = sourcecode.c.objc; path = YWTestErrConnectViewController.m; sourceTree = "<group>"; };
		F81327864352B2BE14A93B5A /* Pods-YWAPINetManagerDemo.release.xcconfig */ = {isa = PBXFileReference; includeInIndex = 1; lastKnownFileType = text.xcconfig; name = "Pods-YWAPINetManagerDemo.release.xcconfig"; path = "Pods/Target Support Files/Pods-YWAPINetManagerDemo/Pods-YWAPINetManagerDemo.release.xcconfig"; sourceTree = "<group>"; };
/* End PBXFileReference section */

/* Begin PBXFrameworksBuildPhase section */
		DA079AB520D24BB30022E723 /* Frameworks */ = {
			isa = PBXFrameworksBuildPhase;
			buildActionMask = 2147483647;
			files = (
				30166CF79D43892131CF837B /* libPods-YWAPINetManagerDemo.a in Frameworks */,
			);
			runOnlyForDeploymentPostprocessing = 0;
		};
		DA079ACD20D24BB30022E723 /* Frameworks */ = {
			isa = PBXFrameworksBuildPhase;
			buildActionMask = 2147483647;
			files = (
			);
			runOnlyForDeploymentPostprocessing = 0;
		};
		DA079AD820D24BB30022E723 /* Frameworks */ = {
			isa = PBXFrameworksBuildPhase;
			buildActionMask = 2147483647;
			files = (
			);
			runOnlyForDeploymentPostprocessing = 0;
		};
/* End PBXFrameworksBuildPhase section */

/* Begin PBXGroup section */
		4F0CEFE8F71B5B2D94612CE9 /* Pods */ = {
			isa = PBXGroup;
			children = (
				C0CB961E3A0AFDE313F38078 /* Pods-YWAPINetManagerDemo.debug.xcconfig */,
				F81327864352B2BE14A93B5A /* Pods-YWAPINetManagerDemo.release.xcconfig */,
			);
			name = Pods;
			sourceTree = "<group>";
		};
		BEA01BFAC37FEA4767F7B538 /* Frameworks */ = {
			isa = PBXGroup;
			children = (
				BD51138AB8C78F7BC6E1BC47 /* libPods-YWAPINetManagerDemo.a */,
			);
			name = Frameworks;
			sourceTree = "<group>";
		};
		DA079AAF20D24BB30022E723 = {
			isa = PBXGroup;
			children = (
				DA079ABA20D24BB30022E723 /* YWAPINetManagerDemo */,
				DA079AD320D24BB30022E723 /* YWAPINetManagerDemoTests */,
				DA079ADE20D24BB30022E723 /* YWAPINetManagerDemoUITests */,
				DA079AB920D24BB30022E723 /* Products */,
				4F0CEFE8F71B5B2D94612CE9 /* Pods */,
				BEA01BFAC37FEA4767F7B538 /* Frameworks */,
			);
			sourceTree = "<group>";
		};
		DA079AB920D24BB30022E723 /* Products */ = {
			isa = PBXGroup;
			children = (
				DA079AB820D24BB30022E723 /* YWAPINetManagerDemo.app */,
				DA079AD020D24BB30022E723 /* YWAPINetManagerDemoTests.xctest */,
				DA079ADB20D24BB30022E723 /* YWAPINetManagerDemoUITests.xctest */,
			);
			name = Products;
			sourceTree = "<group>";
		};
		DA079ABA20D24BB30022E723 /* YWAPINetManagerDemo */ = {
			isa = PBXGroup;
			children = (
				DA079AED20D24DB30022E723 /* YWAPINetManager */,
				DA079ABB20D24BB30022E723 /* AppDelegate.h */,
				DA079ABC20D24BB30022E723 /* AppDelegate.m */,
				DA079ABE20D24BB30022E723 /* ViewController.h */,
				DA079ABF20D24BB30022E723 /* ViewController.m */,
				DA079B0320D273000022E723 /* YWTestViewController.h */,
				DA079B0420D273000022E723 /* YWTestViewController.m */,
				DAAEC7C920FD9D6900B1094C /* YWTestErrConnectViewController.h */,
				DAAEC7CA20FD9D6900B1094C /* YWTestErrConnectViewController.m */,
				DA1A3764210EB69700B22B74 /* YWPostBodyViewController.h */,
				DA1A3765210EB69700B22B74 /* YWPostBodyViewController.m */,
				DAAEC7C620FD916000B1094C /* YWConnectErrManager.h */,
				DAAEC7C720FD916000B1094C /* YWConnectErrManager.m */,
				DA079B0020D26E7C0022E723 /* YWTestManager.h */,
				DA079B0120D26E7C0022E723 /* YWTestManager.m */,
				DA079AC120D24BB30022E723 /* Main.storyboard */,
				DA079AC420D24BB30022E723 /* Assets.xcassets */,
				DA079AC620D24BB30022E723 /* LaunchScreen.storyboard */,
				DA079AC920D24BB30022E723 /* Info.plist */,
				DA079ACA20D24BB30022E723 /* main.m */,
			);
			path = YWAPINetManagerDemo;
			sourceTree = "<group>";
		};
		DA079AD320D24BB30022E723 /* YWAPINetManagerDemoTests */ = {
			isa = PBXGroup;
			children = (
				DA079AD420D24BB30022E723 /* YWAPINetManagerDemoTests.m */,
				DA079AD620D24BB30022E723 /* Info.plist */,
			);
			path = YWAPINetManagerDemoTests;
			sourceTree = "<group>";
		};
		DA079ADE20D24BB30022E723 /* YWAPINetManagerDemoUITests */ = {
			isa = PBXGroup;
			children = (
				DA079ADF20D24BB30022E723 /* YWAPINetManagerDemoUITests.m */,
				DA079AE120D24BB30022E723 /* Info.plist */,
			);
			path = YWAPINetManagerDemoUITests;
			sourceTree = "<group>";
		};
		DA079AED20D24DB30022E723 /* YWAPINetManager */ = {
			isa = PBXGroup;
			children = (
				DA079AFD20D25AB80022E723 /* YWServiceFactory.h */,
				DA079AFC20D25AB80022E723 /* YWServiceFactory.m */,
				DA079AFA20D2581A0022E723 /* YWBaseService.h */,
				DA079AF920D2581A0022E723 /* YWBaseService.m */,
				DA079AF820D2581A0022E723 /* YWServiceProtocol.h */,
				DA079AF620D254080022E723 /* YWAPINetManager.h */,
				DA079AF520D254080022E723 /* YWAPINetManager.m */,
				DA079AF320D252810022E723 /* YWAPIProxy.h */,
				DA079AF220D252810022E723 /* YWAPIProxy.m */,
				DA079AEE20D24E300022E723 /* YWURLResponse.h */,
				DA079AEF20D24E300022E723 /* YWURLResponse.m */,
				DA079AFF20D25C250022E723 /* YWNetworkingProtocol.h */,
			);
			name = YWAPINetManager;
			path = ../../YWAPINetManager;
			sourceTree = "<group>";
		};
/* End PBXGroup section */

/* Begin PBXNativeTarget section */
		DA079AB720D24BB30022E723 /* YWAPINetManagerDemo */ = {
			isa = PBXNativeTarget;
			buildConfigurationList = DA079AE420D24BB30022E723 /* Build configuration list for PBXNativeTarget "YWAPINetManagerDemo" */;
			buildPhases = (
				6C775293BF538BD5D369989E /* [CP] Check Pods Manifest.lock */,
				DA079AB420D24BB30022E723 /* Sources */,
				DA079AB520D24BB30022E723 /* Frameworks */,
				DA079AB620D24BB30022E723 /* Resources */,
			);
			buildRules = (
			);
			dependencies = (
			);
			name = YWAPINetManagerDemo;
			productName = YWAPINetManagerDemo;
			productReference = DA079AB820D24BB30022E723 /* YWAPINetManagerDemo.app */;
			productType = "com.apple.product-type.application";
		};
		DA079ACF20D24BB30022E723 /* YWAPINetManagerDemoTests */ = {
			isa = PBXNativeTarget;
			buildConfigurationList = DA079AE720D24BB30022E723 /* Build configuration list for PBXNativeTarget "YWAPINetManagerDemoTests" */;
			buildPhases = (
				DA079ACC20D24BB30022E723 /* Sources */,
				DA079ACD20D24BB30022E723 /* Frameworks */,
				DA079ACE20D24BB30022E723 /* Resources */,
			);
			buildRules = (
			);
			dependencies = (
				DA079AD220D24BB30022E723 /* PBXTargetDependency */,
			);
			name = YWAPINetManagerDemoTests;
			productName = YWAPINetManagerDemoTests;
			productReference = DA079AD020D24BB30022E723 /* YWAPINetManagerDemoTests.xctest */;
			productType = "com.apple.product-type.bundle.unit-test";
		};
		DA079ADA20D24BB30022E723 /* YWAPINetManagerDemoUITests */ = {
			isa = PBXNativeTarget;
			buildConfigurationList = DA079AEA20D24BB30022E723 /* Build configuration list for PBXNativeTarget "YWAPINetManagerDemoUITests" */;
			buildPhases = (
				DA079AD720D24BB30022E723 /* Sources */,
				DA079AD820D24BB30022E723 /* Frameworks */,
				DA079AD920D24BB30022E723 /* Resources */,
			);
			buildRules = (
			);
			dependencies = (
				DA079ADD20D24BB30022E723 /* PBXTargetDependency */,
			);
			name = YWAPINetManagerDemoUITests;
			productName = YWAPINetManagerDemoUITests;
			productReference = DA079ADB20D24BB30022E723 /* YWAPINetManagerDemoUITests.xctest */;
			productType = "com.apple.product-type.bundle.ui-testing";
		};
/* End PBXNativeTarget section */

/* Begin PBXProject section */
		DA079AB020D24BB30022E723 /* Project object */ = {
			isa = PBXProject;
			attributes = {
				LastUpgradeCheck = 0920;
				ORGANIZATIONNAME = yaowei;
				TargetAttributes = {
					DA079AB720D24BB30022E723 = {
						CreatedOnToolsVersion = 9.2;
						ProvisioningStyle = Automatic;
					};
					DA079ACF20D24BB30022E723 = {
						CreatedOnToolsVersion = 9.2;
						ProvisioningStyle = Automatic;
						TestTargetID = DA079AB720D24BB30022E723;
					};
					DA079ADA20D24BB30022E723 = {
						CreatedOnToolsVersion = 9.2;
						ProvisioningStyle = Automatic;
						TestTargetID = DA079AB720D24BB30022E723;
					};
				};
			};
			buildConfigurationList = DA079AB320D24BB30022E723 /* Build configuration list for PBXProject "YWAPINetManagerDemo" */;
			compatibilityVersion = "Xcode 8.0";
			developmentRegion = en;
			hasScannedForEncodings = 0;
			knownRegions = (
				en,
				Base,
			);
			mainGroup = DA079AAF20D24BB30022E723;
			productRefGroup = DA079AB920D24BB30022E723 /* Products */;
			projectDirPath = "";
			projectRoot = "";
			targets = (
				DA079AB720D24BB30022E723 /* YWAPINetManagerDemo */,
				DA079ACF20D24BB30022E723 /* YWAPINetManagerDemoTests */,
				DA079ADA20D24BB30022E723 /* YWAPINetManagerDemoUITests */,
			);
		};
/* End PBXProject section */

/* Begin PBXResourcesBuildPhase section */
		DA079AB620D24BB30022E723 /* Resources */ = {
			isa = PBXResourcesBuildPhase;
			buildActionMask = 2147483647;
			files = (
				DA079AC820D24BB30022E723 /* LaunchScreen.storyboard in Resources */,
				DA079AC520D24BB30022E723 /* Assets.xcassets in Resources */,
				DA079AC320D24BB30022E723 /* Main.storyboard in Resources */,
			);
			runOnlyForDeploymentPostprocessing = 0;
		};
		DA079ACE20D24BB30022E723 /* Resources */ = {
			isa = PBXResourcesBuildPhase;
			buildActionMask = 2147483647;
			files = (
			);
			runOnlyForDeploymentPostprocessing = 0;
		};
		DA079AD920D24BB30022E723 /* Resources */ = {
			isa = PBXResourcesBuildPhase;
			buildActionMask = 2147483647;
			files = (
			);
			runOnlyForDeploymentPostprocessing = 0;
		};
/* End PBXResourcesBuildPhase section */

/* Begin PBXShellScriptBuildPhase section */
		6C775293BF538BD5D369989E /* [CP] Check Pods Manifest.lock */ = {
			isa = PBXShellScriptBuildPhase;
			buildActionMask = 2147483647;
			files = (
			);
			inputPaths = (
				"${PODS_PODFILE_DIR_PATH}/Podfile.lock",
				"${PODS_ROOT}/Manifest.lock",
			);
			name = "[CP] Check Pods Manifest.lock";
			outputPaths = (
				"$(DERIVED_FILE_DIR)/Pods-YWAPINetManagerDemo-checkManifestLockResult.txt",
			);
			runOnlyForDeploymentPostprocessing = 0;
			shellPath = /bin/sh;
			shellScript = "diff \"${PODS_PODFILE_DIR_PATH}/Podfile.lock\" \"${PODS_ROOT}/Manifest.lock\" > /dev/null\nif [ $? != 0 ] ; then\n    # print error to STDERR\n    echo \"error: The sandbox is not in sync with the Podfile.lock. Run 'pod install' or update your CocoaPods installation.\" >&2\n    exit 1\nfi\n# This output is used by Xcode 'outputs' to avoid re-running this script phase.\necho \"SUCCESS\" > \"${SCRIPT_OUTPUT_FILE_0}\"\n";
			showEnvVarsInLog = 0;
		};
/* End PBXShellScriptBuildPhase section */

/* Begin PBXSourcesBuildPhase section */
		DA079AB420D24BB30022E723 /* Sources */ = {
			isa = PBXSourcesBuildPhase;
			buildActionMask = 2147483647;
			files = (
				DA079AF020D24E300022E723 /* YWURLResponse.m in Sources */,
				DA079AC020D24BB30022E723 /* ViewController.m in Sources */,
				DA1A3766210EB69700B22B74 /* YWPostBodyViewController.m in Sources */,
				DA079B0520D273000022E723 /* YWTestViewController.m in Sources */,
				DA079ACB20D24BB30022E723 /* main.m in Sources */,
				DA079ABD20D24BB30022E723 /* AppDelegate.m in Sources */,
				DA079AF420D252810022E723 /* YWAPIProxy.m in Sources */,
				DAAEC7CB20FD9D6900B1094C /* YWTestErrConnectViewController.m in Sources */,
				DA079AFB20D2581B0022E723 /* YWBaseService.m in Sources */,
				DA079AFE20D25AB90022E723 /* YWServiceFactory.m in Sources */,
				DAAEC7C820FD916100B1094C /* YWConnectErrManager.m in Sources */,
				DA079B0220D26E7C0022E723 /* YWTestManager.m in Sources */,
				DA079AF720D254080022E723 /* YWAPINetManager.m in Sources */,
			);
			runOnlyForDeploymentPostprocessing = 0;
		};
		DA079ACC20D24BB30022E723 /* Sources */ = {
			isa = PBXSourcesBuildPhase;
			buildActionMask = 2147483647;
			files = (
				DA079AD520D24BB30022E723 /* YWAPINetManagerDemoTests.m in Sources */,
			);
			runOnlyForDeploymentPostprocessing = 0;
		};
		DA079AD720D24BB30022E723 /* Sources */ = {
			isa = PBXSourcesBuildPhase;
			buildActionMask = 2147483647;
			files = (
				DA079AE020D24BB30022E723 /* YWAPINetManagerDemoUITests.m in Sources */,
			);
			runOnlyForDeploymentPostprocessing = 0;
		};
/* End PBXSourcesBuildPhase section */

/* Begin PBXTargetDependency section */
		DA079AD220D24BB30022E723 /* PBXTargetDependency */ = {
			isa = PBXTargetDependency;
			target = DA079AB720D24BB30022E723 /* YWAPINetManagerDemo */;
			targetProxy = DA079AD120D24BB30022E723 /* PBXContainerItemProxy */;
		};
		DA079ADD20D24BB30022E723 /* PBXTargetDependency */ = {
			isa = PBXTargetDependency;
			target = DA079AB720D24BB30022E723 /* YWAPINetManagerDemo */;
			targetProxy = DA079ADC20D24BB30022E723 /* PBXContainerItemProxy */;
		};
/* End PBXTargetDependency section */

/* Begin PBXVariantGroup section */
		DA079AC120D24BB30022E723 /* Main.storyboard */ = {
			isa = PBXVariantGroup;
			children = (
				DA079AC220D24BB30022E723 /* Base */,
			);
			name = Main.storyboard;
			sourceTree = "<group>";
		};
		DA079AC620D24BB30022E723 /* LaunchScreen.storyboard */ = {
			isa = PBXVariantGroup;
			children = (
				DA079AC720D24BB30022E723 /* Base */,
			);
			name = LaunchScreen.storyboard;
			sourceTree = "<group>";
		};
/* End PBXVariantGroup section */

/* Begin XCBuildConfiguration section */
		DA079AE220D24BB30022E723 /* Debug */ = {
			isa = XCBuildConfiguration;
			buildSettings = {
				ALWAYS_SEARCH_USER_PATHS = NO;
				CLANG_ANALYZER_NONNULL = YES;
				CLANG_ANALYZER_NUMBER_OBJECT_CONVERSION = YES_AGGRESSIVE;
				CLANG_CXX_LANGUAGE_STANDARD = "gnu++14";
				CLANG_CXX_LIBRARY = "libc++";
				CLANG_ENABLE_MODULES = YES;
				CLANG_ENABLE_OBJC_ARC = YES;
				CLANG_WARN_BLOCK_CAPTURE_AUTORELEASING = YES;
				CLANG_WARN_BOOL_CONVERSION = YES;
				CLANG_WARN_COMMA = YES;
				CLANG_WARN_CONSTANT_CONVERSION = YES;
				CLANG_WARN_DIRECT_OBJC_ISA_USAGE = YES_ERROR;
				CLANG_WARN_DOCUMENTATION_COMMENTS = YES;
				CLANG_WARN_EMPTY_BODY = YES;
				CLANG_WARN_ENUM_CONVERSION = YES;
				CLANG_WARN_INFINITE_RECURSION = YES;
				CLANG_WARN_INT_CONVERSION = YES;
				CLANG_WARN_NON_LITERAL_NULL_CONVERSION = YES;
				CLANG_WARN_OBJC_LITERAL_CONVERSION = YES;
				CLANG_WARN_OBJC_ROOT_CLASS = YES_ERROR;
				CLANG_WARN_RANGE_LOOP_ANALYSIS = YES;
				CLANG_WARN_STRICT_PROTOTYPES = YES;
				CLANG_WARN_SUSPICIOUS_MOVE = YES;
				CLANG_WARN_UNGUARDED_AVAILABILITY = YES_AGGRESSIVE;
				CLANG_WARN_UNREACHABLE_CODE = YES;
				CLANG_WARN__DUPLICATE_METHOD_MATCH = YES;
				CODE_SIGN_IDENTITY = "iPhone Developer";
				COPY_PHASE_STRIP = NO;
				DEBUG_INFORMATION_FORMAT = dwarf;
				ENABLE_STRICT_OBJC_MSGSEND = YES;
				ENABLE_TESTABILITY = YES;
				GCC_C_LANGUAGE_STANDARD = gnu11;
				GCC_DYNAMIC_NO_PIC = NO;
				GCC_NO_COMMON_BLOCKS = YES;
				GCC_OPTIMIZATION_LEVEL = 0;
				GCC_PREPROCESSOR_DEFINITIONS = (
					"DEBUG=1",
					"$(inherited)",
				);
				GCC_WARN_64_TO_32_BIT_CONVERSION = YES;
				GCC_WARN_ABOUT_RETURN_TYPE = YES_ERROR;
				GCC_WARN_UNDECLARED_SELECTOR = YES;
				GCC_WARN_UNINITIALIZED_AUTOS = YES_AGGRESSIVE;
				GCC_WARN_UNUSED_FUNCTION = YES;
				GCC_WARN_UNUSED_VARIABLE = YES;
				IPHONEOS_DEPLOYMENT_TARGET = 11.2;
				MTL_ENABLE_DEBUG_INFO = YES;
				ONLY_ACTIVE_ARCH = YES;
				SDKROOT = iphoneos;
			};
			name = Debug;
		};
		DA079AE320D24BB30022E723 /* Release */ = {
			isa = XCBuildConfiguration;
			buildSettings = {
				ALWAYS_SEARCH_USER_PATHS = NO;
				CLANG_ANALYZER_NONNULL = YES;
				CLANG_ANALYZER_NUMBER_OBJECT_CONVERSION = YES_AGGRESSIVE;
				CLANG_CXX_LANGUAGE_STANDARD = "gnu++14";
				CLANG_CXX_LIBRARY = "libc++";
				CLANG_ENABLE_MODULES = YES;
				CLANG_ENABLE_OBJC_ARC = YES;
				CLANG_WARN_BLOCK_CAPTURE_AUTORELEASING = YES;
				CLANG_WARN_BOOL_CONVERSION = YES;
				CLANG_WARN_COMMA = YES;
				CLANG_WARN_CONSTANT_CONVERSION = YES;
				CLANG_WARN_DIRECT_OBJC_ISA_USAGE = YES_ERROR;
				CLANG_WARN_DOCUMENTATION_COMMENTS = YES;
				CLANG_WARN_EMPTY_BODY = YES;
				CLANG_WARN_ENUM_CONVERSION = YES;
				CLANG_WARN_INFINITE_RECURSION = YES;
				CLANG_WARN_INT_CONVERSION = YES;
				CLANG_WARN_NON_LITERAL_NULL_CONVERSION = YES;
				CLANG_WARN_OBJC_LITERAL_CONVERSION = YES;
				CLANG_WARN_OBJC_ROOT_CLASS = YES_ERROR;
				CLANG_WARN_RANGE_LOOP_ANALYSIS = YES;
				CLANG_WARN_STRICT_PROTOTYPES = YES;
				CLANG_WARN_SUSPICIOUS_MOVE = YES;
				CLANG_WARN_UNGUARDED_AVAILABILITY = YES_AGGRESSIVE;
				CLANG_WARN_UNREACHABLE_CODE = YES;
				CLANG_WARN__DUPLICATE_METHOD_MATCH = YES;
				CODE_SIGN_IDENTITY = "iPhone Developer";
				COPY_PHASE_STRIP = NO;
				DEBUG_INFORMATION_FORMAT = "dwarf-with-dsym";
				ENABLE_NS_ASSERTIONS = NO;
				ENABLE_STRICT_OBJC_MSGSEND = YES;
				GCC_C_LANGUAGE_STANDARD = gnu11;
				GCC_NO_COMMON_BLOCKS = YES;
				GCC_WARN_64_TO_32_BIT_CONVERSION = YES;
				GCC_WARN_ABOUT_RETURN_TYPE = YES_ERROR;
				GCC_WARN_UNDECLARED_SELECTOR = YES;
				GCC_WARN_UNINITIALIZED_AUTOS = YES_AGGRESSIVE;
				GCC_WARN_UNUSED_FUNCTION = YES;
				GCC_WARN_UNUSED_VARIABLE = YES;
				IPHONEOS_DEPLOYMENT_TARGET = 11.2;
				MTL_ENABLE_DEBUG_INFO = NO;
				SDKROOT = iphoneos;
				VALIDATE_PRODUCT = YES;
			};
			name = Release;
		};
		DA079AE520D24BB30022E723 /* Debug */ = {
			isa = XCBuildConfiguration;
			baseConfigurationReference = C0CB961E3A0AFDE313F38078 /* Pods-YWAPINetManagerDemo.debug.xcconfig */;
			buildSettings = {
				ASSETCATALOG_COMPILER_APPICON_NAME = AppIcon;
				CODE_SIGN_STYLE = Automatic;
				DEVELOPMENT_TEAM = Y784R48MX2;
				INFOPLIST_FILE = YWAPINetManagerDemo/Info.plist;
				IPHONEOS_DEPLOYMENT_TARGET = 8.0;
				LD_RUNPATH_SEARCH_PATHS = "$(inherited) @executable_path/Frameworks";
				PRODUCT_BUNDLE_IDENTIFIER = com.yaowei.YWAPINetManagerDemo;
				PRODUCT_NAME = "$(TARGET_NAME)";
				TARGETED_DEVICE_FAMILY = "1,2";
			};
			name = Debug;
		};
		DA079AE620D24BB30022E723 /* Release */ = {
			isa = XCBuildConfiguration;
			baseConfigurationReference = F81327864352B2BE14A93B5A /* Pods-YWAPINetManagerDemo.release.xcconfig */;
			buildSettings = {
				ASSETCATALOG_COMPILER_APPICON_NAME = AppIcon;
				CODE_SIGN_STYLE = Automatic;
				DEVELOPMENT_TEAM = Y784R48MX2;
				INFOPLIST_FILE = YWAPINetManagerDemo/Info.plist;
				IPHONEOS_DEPLOYMENT_TARGET = 8.0;
				LD_RUNPATH_SEARCH_PATHS = "$(inherited) @executable_path/Frameworks";
				PRODUCT_BUNDLE_IDENTIFIER = com.yaowei.YWAPINetManagerDemo;
				PRODUCT_NAME = "$(TARGET_NAME)";
				TARGETED_DEVICE_FAMILY = "1,2";
			};
			name = Release;
		};
		DA079AE820D24BB30022E723 /* Debug */ = {
			isa = XCBuildConfiguration;
			buildSettings = {
				BUNDLE_LOADER = "$(TEST_HOST)";
				CODE_SIGN_STYLE = Automatic;
				INFOPLIST_FILE = YWAPINetManagerDemoTests/Info.plist;
				LD_RUNPATH_SEARCH_PATHS = "$(inherited) @executable_path/Frameworks @loader_path/Frameworks";
				PRODUCT_BUNDLE_IDENTIFIER = com.yaowei.YWAPINetManagerDemoTests;
				PRODUCT_NAME = "$(TARGET_NAME)";
				TARGETED_DEVICE_FAMILY = "1,2";
				TEST_HOST = "$(BUILT_PRODUCTS_DIR)/YWAPINetManagerDemo.app/YWAPINetManagerDemo";
			};
			name = Debug;
		};
		DA079AE920D24BB30022E723 /* Release */ = {
			isa = XCBuildConfiguration;
			buildSettings = {
				BUNDLE_LOADER = "$(TEST_HOST)";
				CODE_SIGN_STYLE = Automatic;
				INFOPLIST_FILE = YWAPINetManagerDemoTests/Info.plist;
				LD_RUNPATH_SEARCH_PATHS = "$(inherited) @executable_path/Frameworks @loader_path/Frameworks";
				PRODUCT_BUNDLE_IDENTIFIER = com.yaowei.YWAPINetManagerDemoTests;
				PRODUCT_NAME = "$(TARGET_NAME)";
				TARGETED_DEVICE_FAMILY = "1,2";
				TEST_HOST = "$(BUILT_PRODUCTS_DIR)/YWAPINetManagerDemo.app/YWAPINetManagerDemo";
			};
			name = Release;
		};
		DA079AEB20D24BB30022E723 /* Debug */ = {
			isa = XCBuildConfiguration;
			buildSettings = {
				CODE_SIGN_STYLE = Automatic;
				INFOPLIST_FILE = YWAPINetManagerDemoUITests/Info.plist;
				LD_RUNPATH_SEARCH_PATHS = "$(inherited) @executable_path/Frameworks @loader_path/Frameworks";
				PRODUCT_BUNDLE_IDENTIFIER = com.yaowei.YWAPINetManagerDemoUITests;
				PRODUCT_NAME = "$(TARGET_NAME)";
				TARGETED_DEVICE_FAMILY = "1,2";
				TEST_TARGET_NAME = YWAPINetManagerDemo;
			};
			name = Debug;
		};
		DA079AEC20D24BB30022E723 /* Release */ = {
			isa = XCBuildConfiguration;
			buildSettings = {
				CODE_SIGN_STYLE = Automatic;
				INFOPLIST_FILE = YWAPINetManagerDemoUITests/Info.plist;
				LD_RUNPATH_SEARCH_PATHS = "$(inherited) @executable_path/Frameworks @loader_path/Frameworks";
				PRODUCT_BUNDLE_IDENTIFIER = com.yaowei.YWAPINetManagerDemoUITests;
				PRODUCT_NAME = "$(TARGET_NAME)";
				TARGETED_DEVICE_FAMILY = "1,2";
				TEST_TARGET_NAME = YWAPINetManagerDemo;
			};
			name = Release;
		};
/* End XCBuildConfiguration section */

/* Begin XCConfigurationList section */
		DA079AB320D24BB30022E723 /* Build configuration list for PBXProject "YWAPINetManagerDemo" */ = {
			isa = XCConfigurationList;
			buildConfigurations = (
				DA079AE220D24BB30022E723 /* Debug */,
				DA079AE320D24BB30022E723 /* Release */,
			);
			defaultConfigurationIsVisible = 0;
			defaultConfigurationName = Release;
		};
		DA079AE420D24BB30022E723 /* Build configuration list for PBXNativeTarget "YWAPINetManagerDemo" */ = {
			isa = XCConfigurationList;
			buildConfigurations = (
				DA079AE520D24BB30022E723 /* Debug */,
				DA079AE620D24BB30022E723 /* Release */,
			);
			defaultConfigurationIsVisible = 0;
			defaultConfigurationName = Release;
		};
		DA079AE720D24BB30022E723 /* Build configuration list for PBXNativeTarget "YWAPINetManagerDemoTests" */ = {
			isa = XCConfigurationList;
			buildConfigurations = (
				DA079AE820D24BB30022E723 /* Debug */,
				DA079AE920D24BB30022E723 /* Release */,
			);
			defaultConfigurationIsVisible = 0;
			defaultConfigurationName = Release;
		};
		DA079AEA20D24BB30022E723 /* Build configuration list for PBXNativeTarget "YWAPINetManagerDemoUITests" */ = {
			isa = XCConfigurationList;
			buildConfigurations = (
				DA079AEB20D24BB30022E723 /* Debug */,
				DA079AEC20D24BB30022E723 /* Release */,
			);
			defaultConfigurationIsVisible = 0;
			defaultConfigurationName = Release;
		};
/* End XCConfigurationList section */
	};
	rootObject = DA079AB020D24BB30022E723 /* Project object */;
}
